// !$*UTF8*$!
{
	archiveVersion = 1;
	classes = {
	};
	objectVersion = 56;
	objects = {

/* Begin PBXBuildFile section */
		C09A0E791F35E8FB9DAD5401 /* Pods_Muvi_App.framework in Frameworks */ = {isa = PBXBuildFile; fileRef = A387B008C4520640715B083C /* Pods_Muvi_App.framework */; };
		CF6B054B29E6AD160058BDD3 /* AppDelegate.swift in Sources */ = {isa = PBXBuildFile; fileRef = CF6B054A29E6AD160058BDD3 /* AppDelegate.swift */; };
		CF6B054D29E6AD160058BDD3 /* SceneDelegate.swift in Sources */ = {isa = PBXBuildFile; fileRef = CF6B054C29E6AD160058BDD3 /* SceneDelegate.swift */; };
		CF6B054F29E6AD160058BDD3 /* ViewController.swift in Sources */ = {isa = PBXBuildFile; fileRef = CF6B054E29E6AD160058BDD3 /* ViewController.swift */; };
		CF6B055229E6AD160058BDD3 /* Main.storyboard in Resources */ = {isa = PBXBuildFile; fileRef = CF6B055029E6AD160058BDD3 /* Main.storyboard */; };
		CF6B055429E6AD180058BDD3 /* Assets.xcassets in Resources */ = {isa = PBXBuildFile; fileRef = CF6B055329E6AD180058BDD3 /* Assets.xcassets */; };
		CF6B055729E6AD180058BDD3 /* LaunchScreen.storyboard in Resources */ = {isa = PBXBuildFile; fileRef = CF6B055529E6AD180058BDD3 /* LaunchScreen.storyboard */; };
/* End PBXBuildFile section */

/* Begin PBXFileReference section */
		760BE379423D645B752CFEBB /* Pods-Muvi-App.release.xcconfig */ = {isa = PBXFileReference; includeInIndex = 1; lastKnownFileType = text.xcconfig; name = "Pods-Muvi-App.release.xcconfig"; path = "Target Support Files/Pods-Muvi-App/Pods-Muvi-App.release.xcconfig"; sourceTree = "<group>"; };
		A387B008C4520640715B083C /* Pods_Muvi_App.framework */ = {isa = PBXFileReference; explicitFileType = wrapper.framework; includeInIndex = 0; path = Pods_Muvi_App.framework; sourceTree = BUILT_PRODUCTS_DIR; };
		CF6B054729E6AD160058BDD3 /* Muvi-App.app */ = {isa = PBXFileReference; explicitFileType = wrapper.application; includeInIndex = 0; path = "Muvi-App.app"; sourceTree = BUILT_PRODUCTS_DIR; };
		CF6B054A29E6AD160058BDD3 /* AppDelegate.swift */ = {isa = PBXFileReference; lastKnownFileType = sourcecode.swift; path = AppDelegate.swift; sourceTree = "<group>"; };
		CF6B054C29E6AD160058BDD3 /* SceneDelegate.swift */ = {isa = PBXFileReference; lastKnownFileType = sourcecode.swift; path = SceneDelegate.swift; sourceTree = "<group>"; };
		CF6B054E29E6AD160058BDD3 /* ViewController.swift */ = {isa = PBXFileReference; lastKnownFileType = sourcecode.swift; path = ViewController.swift; sourceTree = "<group>"; };
		CF6B055129E6AD160058BDD3 /* Base */ = {isa = PBXFileReference; lastKnownFileType = file.storyboard; name = Base; path = Base.lproj/Main.storyboard; sourceTree = "<group>"; };
		CF6B055329E6AD180058BDD3 /* Assets.xcassets */ = {isa = PBXFileReference; lastKnownFileType = folder.assetcatalog; path = Assets.xcassets; sourceTree = "<group>"; };
		CF6B055629E6AD180058BDD3 /* Base */ = {isa = PBXFileReference; lastKnownFileType = file.storyboard; name = Base; path = Base.lproj/LaunchScreen.storyboard; sourceTree = "<group>"; };
		CF6B055829E6AD180058BDD3 /* Info.plist */ = {isa = PBXFileReference; lastKnownFileType = text.plist.xml; path = Info.plist; sourceTree = "<group>"; };
		FCFBEBAA71B98220813F4B52 /* Pods-Muvi-App.debug.xcconfig */ = {isa = PBXFileReference; includeInIndex = 1; lastKnownFileType = text.xcconfig; name = "Pods-Muvi-App.debug.xcconfig"; path = "Target Support Files/Pods-Muvi-App/Pods-Muvi-App.debug.xcconfig"; sourceTree = "<group>"; };
/* End PBXFileReference section */

/* Begin PBXFrameworksBuildPhase section */
		CF6B054429E6AD160058BDD3 /* Frameworks */ = {
			isa = PBXFrameworksBuildPhase;
			buildActionMask = 2147483647;
			files = (
				C09A0E791F35E8FB9DAD5401 /* Pods_Muvi_App.framework in Frameworks */,
			);
			runOnlyForDeploymentPostprocessing = 0;
		};
/* End PBXFrameworksBuildPhase section */

/* Begin PBXGroup section */
		4C2A09701514B826D0B38A71 /* Pods */ = {
			isa = PBXGroup;
			children = (
				FCFBEBAA71B98220813F4B52 /* Pods-Muvi-App.debug.xcconfig */,
				760BE379423D645B752CFEBB /* Pods-Muvi-App.release.xcconfig */,
			);
			name = Pods;
			path = Pods;
			sourceTree = "<group>";
		};
		786D175F8EF48150CA2C281F /* Frameworks */ = {
			isa = PBXGroup;
			children = (
				A387B008C4520640715B083C /* Pods_Muvi_App.framework */,
			);
			name = Frameworks;
			sourceTree = "<group>";
		};
		CF6B053E29E6AD160058BDD3 = {
			isa = PBXGroup;
			children = (
				CF6B054929E6AD160058BDD3 /* Muvi-App */,
				CF6B054829E6AD160058BDD3 /* Products */,
				4C2A09701514B826D0B38A71 /* Pods */,
				786D175F8EF48150CA2C281F /* Frameworks */,
			);
			sourceTree = "<group>";
		};
		CF6B054829E6AD160058BDD3 /* Products */ = {
			isa = PBXGroup;
			children = (
				CF6B054729E6AD160058BDD3 /* Muvi-App.app */,
			);
			name = Products;
			sourceTree = "<group>";
		};
		CF6B054929E6AD160058BDD3 /* Muvi-App */ = {
			isa = PBXGroup;
			children = (
				CF6B056129E6AD5B0058BDD3 /* App */,
				CF6B055F29E6AD3D0058BDD3 /* DataManager */,
				CF6B056229E6B12A0058BDD3 /* Modular */,
				CF6B056029E6AD490058BDD3 /* SupportingFiles */,
			);
			path = "Muvi-App";
			sourceTree = "<group>";
		};
		CF6B055F29E6AD3D0058BDD3 /* DataManager */ = {
			isa = PBXGroup;
			children = (
			);
			path = DataManager;
			sourceTree = "<group>";
		};
		CF6B056029E6AD490058BDD3 /* SupportingFiles */ = {
			isa = PBXGroup;
			children = (
				CF6B054E29E6AD160058BDD3 /* ViewController.swift */,
				CF6B055029E6AD160058BDD3 /* Main.storyboard */,
				CF6B055329E6AD180058BDD3 /* Assets.xcassets */,
				CF6B055529E6AD180058BDD3 /* LaunchScreen.storyboard */,
				CF6B055829E6AD180058BDD3 /* Info.plist */,
			);
			path = SupportingFiles;
			sourceTree = "<group>";
		};
		CF6B056129E6AD5B0058BDD3 /* App */ = {
			isa = PBXGroup;
			children = (
				CF6B054A29E6AD160058BDD3 /* AppDelegate.swift */,
				CF6B054C29E6AD160058BDD3 /* SceneDelegate.swift */,
			);
			path = App;
			sourceTree = "<group>";
		};
		CF6B056229E6B12A0058BDD3 /* Modular */ = {
			isa = PBXGroup;
			children = (
			);
			path = Modular;
			sourceTree = "<group>";
		};
/* End PBXGroup section */

/* Begin PBXNativeTarget section */
		CF6B054629E6AD160058BDD3 /* Muvi-App */ = {
			isa = PBXNativeTarget;
			buildConfigurationList = CF6B055B29E6AD180058BDD3 /* Build configuration list for PBXNativeTarget "Muvi-App" */;
			buildPhases = (
				C3E67192B630ADD1410C0FDD /* [CP] Check Pods Manifest.lock */,
				CF6B054329E6AD160058BDD3 /* Sources */,
				CF6B054429E6AD160058BDD3 /* Frameworks */,
				CF6B054529E6AD160058BDD3 /* Resources */,
			);
			buildRules = (
			);
			dependencies = (
			);
			name = "Muvi-App";
			productName = "Muvi-App";
			productReference = CF6B054729E6AD160058BDD3 /* Muvi-App.app */;
			productType = "com.apple.product-type.application";
		};
/* End PBXNativeTarget section */

/* Begin PBXProject section */
		CF6B053F29E6AD160058BDD3 /* Project object */ = {
			isa = PBXProject;
			attributes = {
				BuildIndependentTargetsInParallel = 1;
				LastSwiftUpdateCheck = 1420;
				LastUpgradeCheck = 1420;
				TargetAttributes = {
					CF6B054629E6AD160058BDD3 = {
						CreatedOnToolsVersion = 14.2;
					};
				};
			};
			buildConfigurationList = CF6B054229E6AD160058BDD3 /* Build configuration list for PBXProject "Muvi-App" */;
			compatibilityVersion = "Xcode 14.0";
			developmentRegion = en;
			hasScannedForEncodings = 0;
			knownRegions = (
				en,
				Base,
			);
			mainGroup = CF6B053E29E6AD160058BDD3;
			productRefGroup = CF6B054829E6AD160058BDD3 /* Products */;
			projectDirPath = "";
			projectRoot = "";
			targets = (
				CF6B054629E6AD160058BDD3 /* Muvi-App */,
			);
		};
/* End PBXProject section */

/* Begin PBXResourcesBuildPhase section */
		CF6B054529E6AD160058BDD3 /* Resources */ = {
			isa = PBXResourcesBuildPhase;
			buildActionMask = 2147483647;
			files = (
				CF6B055729E6AD180058BDD3 /* LaunchScreen.storyboard in Resources */,
				CF6B055429E6AD180058BDD3 /* Assets.xcassets in Resources */,
				CF6B055229E6AD160058BDD3 /* Main.storyboard in Resources */,
			);
			runOnlyForDeploymentPostprocessing = 0;
		};
/* End PBXResourcesBuildPhase section */

/* Begin PBXShellScriptBuildPhase section */
		C3E67192B630ADD1410C0FDD /* [CP] Check Pods Manifest.lock */ = {
			isa = PBXShellScriptBuildPhase;
			buildActionMask = 2147483647;
			files = (
			);
			inputFileListPaths = (
			);
			inputPaths = (
				"${PODS_PODFILE_DIR_PATH}/Podfile.lock",
				"${PODS_ROOT}/Manifest.lock",
			);
			name = "[CP] Check Pods Manifest.lock";
			outputFileListPaths = (
			);
			outputPaths = (
				"$(DERIVED_FILE_DIR)/Pods-Muvi-App-checkManifestLockResult.txt",
			);
			runOnlyForDeploymentPostprocessing = 0;
			shellPath = /bin/sh;
			shellScript = "diff \"${PODS_PODFILE_DIR_PATH}/Podfile.lock\" \"${PODS_ROOT}/Manifest.lock\" > /dev/null\nif [ $? != 0 ] ; then\n    # print error to STDERR\n    echo \"error: The sandbox is not in sync with the Podfile.lock. Run 'pod install' or update your CocoaPods installation.\" >&2\n    exit 1\nfi\n# This output is used by Xcode 'outputs' to avoid re-running this script phase.\necho \"SUCCESS\" > \"${SCRIPT_OUTPUT_FILE_0}\"\n";
			showEnvVarsInLog = 0;
		};
/* End PBXShellScriptBuildPhase section */

/* Begin PBXSourcesBuildPhase section */
		CF6B054329E6AD160058BDD3 /* Sources */ = {
			isa = PBXSourcesBuildPhase;
			buildActionMask = 2147483647;
			files = (
				CF6B054F29E6AD160058BDD3 /* ViewController.swift in Sources */,
				CF6B054B29E6AD160058BDD3 /* AppDelegate.swift in Sources */,
				CF6B054D29E6AD160058BDD3 /* SceneDelegate.swift in Sources */,
			);
			runOnlyForDeploymentPostprocessing = 0;
		};
/* End PBXSourcesBuildPhase section */

/* Begin PBXVariantGroup section */
		CF6B055029E6AD160058BDD3 /* Main.storyboard */ = {
			isa = PBXVariantGroup;
			children = (
				CF6B055129E6AD160058BDD3 /* Base */,
			);
			name = Main.storyboard;
			sourceTree = "<group>";
		};
		CF6B055529E6AD180058BDD3 /* LaunchScreen.storyboard */ = {
			isa = PBXVariantGroup;
			children = (
				CF6B055629E6AD180058BDD3 /* Base */,
			);
			name = LaunchScreen.storyboard;
			sourceTree = "<group>";
		};
/* End PBXVariantGroup section */

/* Begin XCBuildConfiguration section */
		CF6B055929E6AD180058BDD3 /* Debug */ = {
			isa = XCBuildConfiguration;
			buildSettings = {
				ALWAYS_SEARCH_USER_PATHS = NO;
				CLANG_ANALYZER_NONNULL = YES;
				CLANG_ANALYZER_NUMBER_OBJECT_CONVERSION = YES_AGGRESSIVE;
				CLANG_CXX_LANGUAGE_STANDARD = "gnu++20";
				CLANG_ENABLE_MODULES = YES;
				CLANG_ENABLE_OBJC_ARC = YES;
				CLANG_ENABLE_OBJC_WEAK = YES;
				CLANG_WARN_BLOCK_CAPTURE_AUTORELEASING = YES;
				CLANG_WARN_BOOL_CONVERSION = YES;
				CLANG_WARN_COMMA = YES;
				CLANG_WARN_CONSTANT_CONVERSION = YES;
				CLANG_WARN_DEPRECATED_OBJC_IMPLEMENTATIONS = YES;
				CLANG_WARN_DIRECT_OBJC_ISA_USAGE = YES_ERROR;
				CLANG_WARN_DOCUMENTATION_COMMENTS = YES;
				CLANG_WARN_EMPTY_BODY = YES;
				CLANG_WARN_ENUM_CONVERSION = YES;
				CLANG_WARN_INFINITE_RECURSION = YES;
				CLANG_WARN_INT_CONVERSION = YES;
				CLANG_WARN_NON_LITERAL_NULL_CONVERSION = YES;
				CLANG_WARN_OBJC_IMPLICIT_RETAIN_SELF = YES;
				CLANG_WARN_OBJC_LITERAL_CONVERSION = YES;
				CLANG_WARN_OBJC_ROOT_CLASS = YES_ERROR;
				CLANG_WARN_QUOTED_INCLUDE_IN_FRAMEWORK_HEADER = YES;
				CLANG_WARN_RANGE_LOOP_ANALYSIS = YES;
				CLANG_WARN_STRICT_PROTOTYPES = YES;
				CLANG_WARN_SUSPICIOUS_MOVE = YES;
				CLANG_WARN_UNGUARDED_AVAILABILITY = YES_AGGRESSIVE;
				CLANG_WARN_UNREACHABLE_CODE = YES;
				CLANG_WARN__DUPLICATE_METHOD_MATCH = YES;
				COPY_PHASE_STRIP = NO;
				DEBUG_INFORMATION_FORMAT = dwarf;
				ENABLE_STRICT_OBJC_MSGSEND = YES;
				ENABLE_TESTABILITY = YES;
				GCC_C_LANGUAGE_STANDARD = gnu11;
				GCC_DYNAMIC_NO_PIC = NO;
				GCC_NO_COMMON_BLOCKS = YES;
				GCC_OPTIMIZATION_LEVEL = 0;
				GCC_PREPROCESSOR_DEFINITIONS = (
					"DEBUG=1",
					"$(inherited)",
				);
				GCC_WARN_64_TO_32_BIT_CONVERSION = YES;
				GCC_WARN_ABOUT_RETURN_TYPE = YES_ERROR;
				GCC_WARN_UNDECLARED_SELECTOR = YES;
				GCC_WARN_UNINITIALIZED_AUTOS = YES_AGGRESSIVE;
				GCC_WARN_UNUSED_FUNCTION = YES;
				GCC_WARN_UNUSED_VARIABLE = YES;
				IPHONEOS_DEPLOYMENT_TARGET = 16.2;
				MTL_ENABLE_DEBUG_INFO = INCLUDE_SOURCE;
				MTL_FAST_MATH = YES;
				ONLY_ACTIVE_ARCH = YES;
				SDKROOT = iphoneos;
				SWIFT_ACTIVE_COMPILATION_CONDITIONS = DEBUG;
				SWIFT_OPTIMIZATION_LEVEL = "-Onone";
			};
			name = Debug;
		};
		CF6B055A29E6AD180058BDD3 /* Release */ = {
			isa = XCBuildConfiguration;
			buildSettings = {
				ALWAYS_SEARCH_USER_PATHS = NO;
				CLANG_ANALYZER_NONNULL = YES;
				CLANG_ANALYZER_NUMBER_OBJECT_CONVERSION = YES_AGGRESSIVE;
				CLANG_CXX_LANGUAGE_STANDARD = "gnu++20";
				CLANG_ENABLE_MODULES = YES;
				CLANG_ENABLE_OBJC_ARC = YES;
				CLANG_ENABLE_OBJC_WEAK = YES;
				CLANG_WARN_BLOCK_CAPTURE_AUTORELEASING = YES;
				CLANG_WARN_BOOL_CONVERSION = YES;
				CLANG_WARN_COMMA = YES;
				CLANG_WARN_CONSTANT_CONVERSION = YES;
				CLANG_WARN_DEPRECATED_OBJC_IMPLEMENTATIONS = YES;
				CLANG_WARN_DIRECT_OBJC_ISA_USAGE = YES_ERROR;
				CLANG_WARN_DOCUMENTATION_COMMENTS = YES;
				CLANG_WARN_EMPTY_BODY = YES;
				CLANG_WARN_ENUM_CONVERSION = YES;
				CLANG_WARN_INFINITE_RECURSION = YES;
				CLANG_WARN_INT_CONVERSION = YES;
				CLANG_WARN_NON_LITERAL_NULL_CONVERSION = YES;
				CLANG_WARN_OBJC_IMPLICIT_RETAIN_SELF = YES;
				CLANG_WARN_OBJC_LITERAL_CONVERSION = YES;
				CLANG_WARN_OBJC_ROOT_CLASS = YES_ERROR;
				CLANG_WARN_QUOTED_INCLUDE_IN_FRAMEWORK_HEADER = YES;
				CLANG_WARN_RANGE_LOOP_ANALYSIS = YES;
				CLANG_WARN_STRICT_PROTOTYPES = YES;
				CLANG_WARN_SUSPICIOUS_MOVE = YES;
				CLANG_WARN_UNGUARDED_AVAILABILITY = YES_AGGRESSIVE;
				CLANG_WARN_UNREACHABLE_CODE = YES;
				CLANG_WARN__DUPLICATE_METHOD_MATCH = YES;
				COPY_PHASE_STRIP = NO;
				DEBUG_INFORMATION_FORMAT = "dwarf-with-dsym";
				ENABLE_NS_ASSERTIONS = NO;
				ENABLE_STRICT_OBJC_MSGSEND = YES;
				GCC_C_LANGUAGE_STANDARD = gnu11;
				GCC_NO_COMMON_BLOCKS = YES;
				GCC_WARN_64_TO_32_BIT_CONVERSION = YES;
				GCC_WARN_ABOUT_RETURN_TYPE = YES_ERROR;
				GCC_WARN_UNDECLARED_SELECTOR = YES;
				GCC_WARN_UNINITIALIZED_AUTOS = YES_AGGRESSIVE;
				GCC_WARN_UNUSED_FUNCTION = YES;
				GCC_WARN_UNUSED_VARIABLE = YES;
				IPHONEOS_DEPLOYMENT_TARGET = 16.2;
				MTL_ENABLE_DEBUG_INFO = NO;
				MTL_FAST_MATH = YES;
				SDKROOT = iphoneos;
				SWIFT_COMPILATION_MODE = wholemodule;
				SWIFT_OPTIMIZATION_LEVEL = "-O";
				VALIDATE_PRODUCT = YES;
			};
			name = Release;
		};
		CF6B055C29E6AD180058BDD3 /* Debug */ = {
			isa = XCBuildConfiguration;
			baseConfigurationReference = FCFBEBAA71B98220813F4B52 /* Pods-Muvi-App.debug.xcconfig */;
			buildSettings = {
				ASSETCATALOG_COMPILER_APPICON_NAME = AppIcon;
				ASSETCATALOG_COMPILER_GLOBAL_ACCENT_COLOR_NAME = AccentColor;
				CODE_SIGN_STYLE = Automatic;
				CURRENT_PROJECT_VERSION = 1;
				DEVELOPMENT_TEAM = F2SLCA5Q65;
				GENERATE_INFOPLIST_FILE = YES;
				INFOPLIST_FILE = "Muvi-App/SupportingFiles/Info.plist";
				INFOPLIST_KEY_UIApplicationSupportsIndirectInputEvents = YES;
				INFOPLIST_KEY_UILaunchStoryboardName = LaunchScreen;
				INFOPLIST_KEY_UIMainStoryboardFile = Main;
				INFOPLIST_KEY_UISupportedInterfaceOrientations_iPad = "UIInterfaceOrientationPortrait UIInterfaceOrientationPortraitUpsideDown UIInterfaceOrientationLandscapeLeft UIInterfaceOrientationLandscapeRight";
				INFOPLIST_KEY_UISupportedInterfaceOrientations_iPhone = "UIInterfaceOrientationPortrait UIInterfaceOrientationLandscapeLeft UIInterfaceOrientationLandscapeRight";
				LD_RUNPATH_SEARCH_PATHS = (
					"$(inherited)",
					"@executable_path/Frameworks",
				);
				MARKETING_VERSION = 1.0;
				PRODUCT_BUNDLE_IDENTIFIER = "com.adji.Muvi-App";
				PRODUCT_NAME = "$(TARGET_NAME)";
				SWIFT_EMIT_LOC_STRINGS = YES;
				SWIFT_VERSION = 5.0;
				TARGETED_DEVICE_FAMILY = "1,2";
			};
			name = Debug;
		};
		CF6B055D29E6AD180058BDD3 /* Release */ = {
			isa = XCBuildConfiguration;
			baseConfigurationReference = 760BE379423D645B752CFEBB /* Pods-Muvi-App.release.xcconfig */;
			buildSettings = {
				ASSETCATALOG_COMPILER_APPICON_NAME = AppIcon;
				ASSETCATALOG_COMPILER_GLOBAL_ACCENT_COLOR_NAME = AccentColor;
				CODE_SIGN_STYLE = Automatic;
				CURRENT_PROJECT_VERSION = 1;
				DEVELOPMENT_TEAM = F2SLCA5Q65;
				GENERATE_INFOPLIST_FILE = YES;
				INFOPLIST_FILE = "Muvi-App/SupportingFiles/Info.plist";
				INFOPLIST_KEY_UIApplicationSupportsIndirectInputEvents = YES;
				INFOPLIST_KEY_UILaunchStoryboardName = LaunchScreen;
				INFOPLIST_KEY_UIMainStoryboardFile = Main;
				INFOPLIST_KEY_UISupportedInterfaceOrientations_iPad = "UIInterfaceOrientationPortrait UIInterfaceOrientationPortraitUpsideDown UIInterfaceOrientationLandscapeLeft UIInterfaceOrientationLandscapeRight";
				INFOPLIST_KEY_UISupportedInterfaceOrientations_iPhone = "UIInterfaceOrientationPortrait UIInterfaceOrientationLandscapeLeft UIInterfaceOrientationLandscapeRight";
				LD_RUNPATH_SEARCH_PATHS = (
					"$(inherited)",
					"@executable_path/Frameworks",
				);
				MARKETING_VERSION = 1.0;
				PRODUCT_BUNDLE_IDENTIFIER = "com.adji.Muvi-App";
				PRODUCT_NAME = "$(TARGET_NAME)";
				SWIFT_EMIT_LOC_STRINGS = YES;
				SWIFT_VERSION = 5.0;
				TARGETED_DEVICE_FAMILY = "1,2";
			};
			name = Release;
		};
/* End XCBuildConfiguration section */

/* Begin XCConfigurationList section */
		CF6B054229E6AD160058BDD3 /* Build configuration list for PBXProject "Muvi-App" */ = {
			isa = XCConfigurationList;
			buildConfigurations = (
				CF6B055929E6AD180058BDD3 /* Debug */,
				CF6B055A29E6AD180058BDD3 /* Release */,
			);
			defaultConfigurationIsVisible = 0;
			defaultConfigurationName = Release;
		};
		CF6B055B29E6AD180058BDD3 /* Build configuration list for PBXNativeTarget "Muvi-App" */ = {
			isa = XCConfigurationList;
			buildConfigurations = (
				CF6B055C29E6AD180058BDD3 /* Debug */,
				CF6B055D29E6AD180058BDD3 /* Release */,
			);
			defaultConfigurationIsVisible = 0;
			defaultConfigurationName = Release;
		};
/* End XCConfigurationList section */
	};
	rootObject = CF6B053F29E6AD160058BDD3 /* Project object */;
}
